Microsoft Visual Studio Solution File, Format Version 12.00
# Visual Studio Version 17
VisualStudioVersion = 17.13.35818.85
MinimumVisualStudioVersion = 10.0.40219.1
Project("{FAE04EC0-301F-11D3-BF4B-00C04F79EFBC}") = "PhamTaManhLan_8888", "PhamTaManhLan_8888\PhamTaManhLan_8888.csproj", "{65FB284B-5FB8-4AC0-9AB1-9E1CEA35F940}"
EndProject
Global
	GlobalSection(SolutionConfigurationPlatforms) = preSolution
		Debug|Any CPU = Debug|Any CPU
		Release|Any CPU = Release|Any CPU
	EndGlobalSection
	GlobalSection(ProjectConfigurationPlatforms) = postSolution
		{65FB284B-5FB8-4AC0-9AB1-9E1CEA35F940}.Debug|Any CPU.ActiveCfg = Debug|Any CPU
		{65FB284B-5FB8-4AC0-9AB1-9E1CEA35F940}.Debug|Any CPU.Build.0 = Debug|Any CPU
		{65FB284B-5FB8-4AC0-9AB1-9E1CEA35F940}.Release|Any CPU.ActiveCfg = Release|Any CPU
		{65FB284B-5FB8-4AC0-9AB1-9E1CEA35F940}.Release|Any CPU.Build.0 = Release|Any CPU
	EndGlobalSection
	GlobalSection(SolutionProperties) = preSolution
		HideSolutionNode = FALSE
	EndGlobalSection
	GlobalSection(ExtensibilityGlobals) = postSolution
		SolutionGuid = {C74598CD-0A80-4952-8EF7-63B87D1DB824}
	EndGlobalSection
EndGlobal
